// !$*UTF8*$!
{
	archiveVersion = 1;
	classes = {
	};
	objectVersion = 77;
	objects = {

/* Begin PBXBuildFile section */
		E6B906652F7564FF005C961B /* Auth in Frameworks */ = {isa = PBXBuildFile; productRef = E6B906642F7564FF005C961B /* Auth */; };
		E6B906672F7564FF005C961B /* Functions in Frameworks */ = {isa = PBXBuildFile; productRef = E6B906662F7564FF005C961B /* Functions */; };
		E6B906692F7564FF005C961B /* PostgREST in Frameworks */ = {isa = PBXBuildFile; productRef = E6B906682F7564FF005C961B /* PostgREST */; };
		E6B9066B2F7564FF005C961B /* Storage in Frameworks */ = {isa = PBXBuildFile; productRef = E6B9066A2F7564FF005C961B /* Storage */; };
		E6B9066D2F7564FF005C961B /* Supabase in Frameworks */ = {isa = PBXBuildFile; productRef = E6B9066C2F7564FF005C961B /* Supabase */; };
/* End PBXBuildFile section */

/* Begin PBXFileReference section */
		E6209AF82FDC1F42007E81AA /* SpeakItNOW.xcodeproj */ = {isa = PBXFileReference; lastKnownFileType = "wrapper.pb-project"; path = SpeakItNOW.xcodeproj; sourceTree = "<group>"; };
		E675B5852FA34B9600A7CACE /* SpeakItNOW.xcodeproj */ = {isa = PBXFileReference; lastKnownFileType = "wrapper.pb-project"; path = SpeakItNOW.xcodeproj; sourceTree = "<group>"; };
		E6AF03792FF0DE63007FDBEE /* SpeakItNOW.xcodeproj */ = {isa = PBXFileReference; lastKnownFileType = "wrapper.pb-project"; path = SpeakItNOW.xcodeproj; sourceTree = "<group>"; };
		E6B86B022F7E983300633CA9 /* SpeakItNOW.xcodeproj */ = {isa = PBXFileReference; lastKnownFileType = "wrapper.pb-project"; path = SpeakItNOW.xcodeproj; sourceTree = "<group>"; };
		E6B86C3E2F83DDFA00633CA9 /* SpeakItNOW.xcodeproj */ = {isa = PBXFileReference; lastKnownFileType = "wrapper.pb-project"; path = SpeakItNOW.xcodeproj; sourceTree = "<group>"; };
		E6B86CDC2F852BC100633CA9 /* SpeakItNOW.xcodeproj */ = {isa = PBXFileReference; lastKnownFileType = "wrapper.pb-project"; path = SpeakItNOW.xcodeproj; sourceTree = "<group>"; };
		E6B905AC2F5AFFCD005C961B /* SpeakItNOW.xcodeproj */ = {isa = PBXFileReference; lastKnownFileType = "wrapper.pb-project"; path = SpeakItNOW.xcodeproj; sourceTree = "<group>"; };
		E6B9062B2F5F0DB0005C961B /* SpeakItNOW.xcodeproj */ = {isa = PBXFileReference; lastKnownFileType = "wrapper.pb-project"; path = SpeakItNOW.xcodeproj; sourceTree = "<group>"; };
		E6B906BD2F764FA6005C961B /* SpeakItNOW.xcodeproj */ = {isa = PBXFileReference; lastKnownFileType = "wrapper.pb-project"; path = SpeakItNOW.xcodeproj; sourceTree = "<group>"; };
		E6BF7EF22F17C49000559007 /* SpeakItNOW.app */ = {isa = PBXFileReference; explicitFileType = wrapper.application; includeInIndex = 0; path = SpeakItNOW.app; sourceTree = BUILT_PRODUCTS_DIR; };
		E6D788962FE6BF980094A22A /* SpeakItNOW.xcodeproj */ = {isa = PBXFileReference; lastKnownFileType = "wrapper.pb-project"; path = SpeakItNOW.xcodeproj; sourceTree = "<group>"; };
		E6DEE40C2F8E004A00FF5F67 /* SpeakItNOW.xcodeproj */ = {isa = PBXFileReference; lastKnownFileType = "wrapper.pb-project"; path = SpeakItNOW.xcodeproj; sourceTree = "<group>"; };
		E6DEE4B02F8FC83200FF5F67 /* SpeakItNOW.xcodeproj */ = {isa = PBXFileReference; lastKnownFileType = "wrapper.pb-project"; path = SpeakItNOW.xcodeproj; sourceTree = "<group>"; };
		E6F926462F5859D700A4AB67 /* SpeakItNOW.xcodeproj */ = {isa = PBXFileReference; lastKnownFileType = "wrapper.pb-project"; path = SpeakItNOW.xcodeproj; sourceTree = "<group>"; };
/* End PBXFileReference section */

/* Begin PBXFileSystemSynchronizedBuildFileExceptionSet section */
		E6FA6A682F4EED8B0036C262 /* Exceptions for "SpeakItNOW" folder in "SpeakItNOW" target */ = {
			isa = PBXFileSystemSynchronizedBuildFileExceptionSet;
			membershipExceptions = (
				Info.plist,
			);
			target = E6BF7EF12F17C49000559007 /* SpeakItNOW */;
		};
/* End PBXFileSystemSynchronizedBuildFileExceptionSet section */

/* Begin PBXFileSystemSynchronizedRootGroup section */
		E6BF7EF42F17C49000559007 /* SpeakItNOW */ = {
			isa = PBXFileSystemSynchronizedRootGroup;
			exceptions = (
				E6FA6A682F4EED8B0036C262 /* Exceptions for "SpeakItNOW" folder in "SpeakItNOW" target */,
			);
			path = SpeakItNOW;
			sourceTree = "<group>";
		};
/* End PBXFileSystemSynchronizedRootGroup section */

/* Begin PBXFrameworksBuildPhase section */
		E6BF7EEF2F17C49000559007 /* Frameworks */ = {
			isa = PBXFrameworksBuildPhase;
			buildActionMask = 2147483647;
			files = (
				E6B9066D2F7564FF005C961B /* Supabase in Frameworks */,
				E6B9066B2F7564FF005C961B /* Storage in Frameworks */,
				E6B906692F7564FF005C961B /* PostgREST in Frameworks */,
				E6B906672F7564FF005C961B /* Functions in Frameworks */,
				E6B906652F7564FF005C961B /* Auth in Frameworks */,
			);
			runOnlyForDeploymentPostprocessing = 0;
		};
/* End PBXFrameworksBuildPhase section */

/* Begin PBXGroup section */
		E6209AFB2FDC1F42007E81AA /* Products */ = {
			isa = PBXGroup;
			name = Products;
			sourceTree = "<group>";
		};
		E675B5882FA34B9600A7CACE /* Products */ = {
			isa = PBXGroup;
			name = Products;
			sourceTree = "<group>";
		};
		E6AF037C2FF0DE63007FDBEE /* Products */ = {
			isa = PBXGroup;
			name = Products;
			sourceTree = "<group>";
		};
		E6B86B052F7E983300633CA9 /* Products */ = {
			isa = PBXGroup;
			name = Products;
			sourceTree = "<group>";
		};
		E6B86C412F83DDFA00633CA9 /* Products */ = {
			isa = PBXGroup;
			name = Products;
			sourceTree = "<group>";
		};
		E6B86CDF2F852BC100633CA9 /* Products */ = {
			isa = PBXGroup;
			name = Products;
			sourceTree = "<group>";
		};
		E6B905AE2F5AFFCD005C961B /* Products */ = {
			isa = PBXGroup;
			name = Products;
			sourceTree = "<group>";
		};
		E6B9062D2F5F0DB0005C961B /* Products */ = {
			isa = PBXGroup;
			name = Products;
			sourceTree = "<group>";
		};
		E6B906C02F764FA6005C961B /* Products */ = {
			isa = PBXGroup;
			name = Products;
			sourceTree = "<group>";
		};
		E6BF7EE92F17C49000559007 = {
			isa = PBXGroup;
			children = (
				E6BF7EF42F17C49000559007 /* SpeakItNOW */,
				E6BF7EF32F17C49000559007 /* Products */,
			);
			sourceTree = "<group>";
		};
		E6BF7EF32F17C49000559007 /* Products */ = {
			isa = PBXGroup;
			children = (
				E6BF7EF22F17C49000559007 /* SpeakItNOW.app */,
			);
			name = Products;
			sourceTree = "<group>";
		};
		E6D788992FE6BF980094A22A /* Products */ = {
			isa = PBXGroup;
			name = Products;
			sourceTree = "<group>";
		};
		E6DEE40F2F8E004A00FF5F67 /* Products */ = {
			isa = PBXGroup;
			name = Products;
			sourceTree = "<group>";
		};
		E6DEE4B32F8FC83200FF5F67 /* Products */ = {
			isa = PBXGroup;
			name = Products;
			sourceTree = "<group>";
		};
		E6F926482F5859D700A4AB67 /* Products */ = {
			isa = PBXGroup;
			name = Products;
			sourceTree = "<group>";
		};
/* End PBXGroup section */

/* Begin PBXNativeTarget section */
		E6BF7EF12F17C49000559007 /* SpeakItNOW */ = {
			isa = PBXNativeTarget;
			buildConfigurationList = E6BF7EFD2F17C49200559007 /* Build configuration list for PBXNativeTarget "SpeakItNOW" */;
			buildPhases = (
				E6BF7EEE2F17C49000559007 /* Sources */,
				E6BF7EEF2F17C49000559007 /* Frameworks */,
				E6BF7EF02F17C49000559007 /* Resources */,
			);
			buildRules = (
			);
			dependencies = (
			);
			fileSystemSynchronizedGroups = (
				E6BF7EF42F17C49000559007 /* SpeakItNOW */,
			);
			name = SpeakItNOW;
			packageProductDependencies = (
				E6B906642F7564FF005C961B /* Auth */,
				E6B906662F7564FF005C961B /* Functions */,
				E6B906682F7564FF005C961B /* PostgREST */,
				E6B9066A2F7564FF005C961B /* Storage */,
				E6B9066C2F7564FF005C961B /* Supabase */,
			);
			productName = SpeakItNOW;
			productReference = E6BF7EF22F17C49000559007 /* SpeakItNOW.app */;
			productType = "com.apple.product-type.application";
		};
/* End PBXNativeTarget section */

/* Begin PBXProject section */
		E6BF7EEA2F17C49000559007 /* Project object */ = {
			isa = PBXProject;
			attributes = {
				BuildIndependentTargetsInParallel = 1;
				LastSwiftUpdateCheck = 1640;
				LastUpgradeCheck = 2630;
				TargetAttributes = {
					E6BF7EF12F17C49000559007 = {
						CreatedOnToolsVersion = 16.4;
					};
				};
			};
			buildConfigurationList = E6BF7EED2F17C49000559007 /* Build configuration list for PBXProject "SpeakItNOW" */;
			developmentRegion = en;
			hasScannedForEncodings = 0;
			knownRegions = (
				en,
				Base,
			);
			mainGroup = E6BF7EE92F17C49000559007;
			minimizedProjectReferenceProxies = 1;
			packageReferences = (
				E6B906632F7564FF005C961B /* XCRemoteSwiftPackageReference "supabase-swift" */,
			);
			preferredProjectObjectVersion = 77;
			productRefGroup = E6BF7EF32F17C49000559007 /* Products */;
			projectDirPath = "";
			projectReferences = (
				{
					ProductGroup = E6D788992FE6BF980094A22A /* Products */;
					ProjectRef = E6D788962FE6BF980094A22A /* SpeakItNOW.xcodeproj */;
				},
				{
					ProductGroup = E6B9062D2F5F0DB0005C961B /* Products */;
					ProjectRef = E6B9062B2F5F0DB0005C961B /* SpeakItNOW.xcodeproj */;
				},
				{
					ProductGroup = E6B906C02F764FA6005C961B /* Products */;
					ProjectRef = E6B906BD2F764FA6005C961B /* SpeakItNOW.xcodeproj */;
				},
				{
					ProductGroup = E6B86B052F7E983300633CA9 /* Products */;
					ProjectRef = E6B86B022F7E983300633CA9 /* SpeakItNOW.xcodeproj */;
				},
				{
					ProductGroup = E6B86C412F83DDFA00633CA9 /* Products */;
					ProjectRef = E6B86C3E2F83DDFA00633CA9 /* SpeakItNOW.xcodeproj */;
				},
				{
					ProductGroup = E6DEE40F2F8E004A00FF5F67 /* Products */;
					ProjectRef = E6DEE40C2F8E004A00FF5F67 /* SpeakItNOW.xcodeproj */;
				},
				{
					ProductGroup = E6209AFB2FDC1F42007E81AA /* Products */;
					ProjectRef = E6209AF82FDC1F42007E81AA /* SpeakItNOW.xcodeproj */;
				},
				{
					ProductGroup = E6B905AE2F5AFFCD005C961B /* Products */;
					ProjectRef = E6B905AC2F5AFFCD005C961B /* SpeakItNOW.xcodeproj */;
				},
				{
					ProductGroup = E6DEE4B32F8FC83200FF5F67 /* Products */;
					ProjectRef = E6DEE4B02F8FC83200FF5F67 /* SpeakItNOW.xcodeproj */;
				},
				{
					ProductGroup = E6B86CDF2F852BC100633CA9 /* Products */;
					ProjectRef = E6B86CDC2F852BC100633CA9 /* SpeakItNOW.xcodeproj */;
				},
				{
					ProductGroup = E6AF037C2FF0DE63007FDBEE /* Products */;
					ProjectRef = E6AF03792FF0DE63007FDBEE /* SpeakItNOW.xcodeproj */;
				},
				{
					ProductGroup = E675B5882FA34B9600A7CACE /* Products */;
					ProjectRef = E675B5852FA34B9600A7CACE /* SpeakItNOW.xcodeproj */;
				},
				{
					ProductGroup = E6F926482F5859D700A4AB67 /* Products */;
					ProjectRef = E6F926462F5859D700A4AB67 /* SpeakItNOW.xcodeproj */;
				},
			);
			projectRoot = "";
			targets = (
				E6BF7EF12F17C49000559007 /* SpeakItNOW */,
			);
		};
/* End PBXProject section */

/* Begin PBXResourcesBuildPhase section */
		E6BF7EF02F17C49000559007 /* Resources */ = {
			isa = PBXResourcesBuildPhase;
			buildActionMask = 2147483647;
			files = (
			);
			runOnlyForDeploymentPostprocessing = 0;
		};
/* End PBXResourcesBuildPhase section */

/* Begin PBXSourcesBuildPhase section */
		E6BF7EEE2F17C49000559007 /* Sources */ = {
			isa = PBXSourcesBuildPhase;
			buildActionMask = 2147483647;
			files = (
			);
			runOnlyForDeploymentPostprocessing = 0;
		};
/* End PBXSourcesBuildPhase section */

/* Begin XCBuildConfiguration section */
		E6BF7EFB2F17C49200559007 /* Debug */ = {
			isa = XCBuildConfiguration;
			buildSettings = {
				ALWAYS_SEARCH_USER_PATHS = NO;
				ASSETCATALOG_COMPILER_GENERATE_SWIFT_ASSET_SYMBOL_EXTENSIONS = YES;
				CLANG_ANALYZER_NONNULL = YES;
				CLANG_ANALYZER_NUMBER_OBJECT_CONVERSION = YES_AGGRESSIVE;
				CLANG_CXX_LANGUAGE_STANDARD = "gnu++20";
				CLANG_ENABLE_MODULES = YES;
				CLANG_ENABLE_OBJC_ARC = YES;
				CLANG_ENABLE_OBJC_WEAK = YES;
				CLANG_WARN_BLOCK_CAPTURE_AUTORELEASING = YES;
				CLANG_WARN_BOOL_CONVERSION = YES;
				CLANG_WARN_COMMA = YES;
				CLANG_WARN_CONSTANT_CONVERSION = YES;
				CLANG_WARN_DEPRECATED_OBJC_IMPLEMENTATIONS = YES;
				CLANG_WARN_DIRECT_OBJC_ISA_USAGE = YES_ERROR;
				CLANG_WARN_DOCUMENTATION_COMMENTS = YES;
				CLANG_WARN_EMPTY_BODY = YES;
				CLANG_WARN_ENUM_CONVERSION = YES;
				CLANG_WARN_INFINITE_RECURSION = YES;
				CLANG_WARN_INT_CONVERSION = YES;
				CLANG_WARN_NON_LITERAL_NULL_CONVERSION = YES;
				CLANG_WARN_OBJC_IMPLICIT_RETAIN_SELF = YES;
				CLANG_WARN_OBJC_LITERAL_CONVERSION = YES;
				CLANG_WARN_OBJC_ROOT_CLASS = YES_ERROR;
				CLANG_WARN_QUOTED_INCLUDE_IN_FRAMEWORK_HEADER = YES;
				CLANG_WARN_RANGE_LOOP_ANALYSIS = YES;
				CLANG_WARN_STRICT_PROTOTYPES = YES;
				CLANG_WARN_SUSPICIOUS_MOVE = YES;
				CLANG_WARN_UNGUARDED_AVAILABILITY = YES_AGGRESSIVE;
				CLANG_WARN_UNREACHABLE_CODE = YES;
				CLANG_WARN__DUPLICATE_METHOD_MATCH = YES;
				COPY_PHASE_STRIP = NO;
				DEBUG_INFORMATION_FORMAT = dwarf;
				DEVELOPMENT_TEAM = 7KCHW8J8TA;
				ENABLE_STRICT_OBJC_MSGSEND = YES;
				ENABLE_TESTABILITY = YES;
				ENABLE_USER_SCRIPT_SANDBOXING = YES;
				GCC_C_LANGUAGE_STANDARD = gnu17;
				GCC_DYNAMIC_NO_PIC = NO;
				GCC_NO_COMMON_BLOCKS = YES;
				GCC_OPTIMIZATION_LEVEL = 0;
				GCC_PREPROCESSOR_DEFINITIONS = (
					"DEBUG=1",
					"$(inherited)",
				);
				GCC_WARN_64_TO_32_BIT_CONVERSION = YES;
				GCC_WARN_ABOUT_RETURN_TYPE = YES_ERROR;
				GCC_WARN_UNDECLARED_SELECTOR = YES;
				GCC_WARN_UNINITIALIZED_AUTOS = YES_AGGRESSIVE;
				GCC_WARN_UNUSED_FUNCTION = YES;
				GCC_WARN_UNUSED_VARIABLE = YES;
				IPHONEOS_DEPLOYMENT_TARGET = 18.5;
				LOCALIZATION_PREFERS_STRING_CATALOGS = YES;
				MTL_ENABLE_DEBUG_INFO = INCLUDE_SOURCE;
				MTL_FAST_MATH = YES;
				ONLY_ACTIVE_ARCH = YES;
				SDKROOT = iphoneos;
				STRING_CATALOG_GENERATE_SYMBOLS = YES;
				SWIFT_ACTIVE_COMPILATION_CONDITIONS = "DEBUG $(inherited)";
				SWIFT_OPTIMIZATION_LEVEL = "-Onone";
			};
			name = Debug;
		};
		E6BF7EFC2F17C49200559007 /* Release */ = {
			isa = XCBuildConfiguration;
			buildSettings = {
				ALWAYS_SEARCH_USER_PATHS = NO;
				ASSETCATALOG_COMPILER_GENERATE_SWIFT_ASSET_SYMBOL_EXTENSIONS = YES;
				CLANG_ANALYZER_NONNULL = YES;
				CLANG_ANALYZER_NUMBER_OBJECT_CONVERSION = YES_AGGRESSIVE;
				CLANG_CXX_LANGUAGE_STANDARD = "gnu++20";
				CLANG_ENABLE_MODULES = YES;
				CLANG_ENABLE_OBJC_ARC = YES;
				CLANG_ENABLE_OBJC_WEAK = YES;
				CLANG_WARN_BLOCK_CAPTURE_AUTORELEASING = YES;
				CLANG_WARN_BOOL_CONVERSION = YES;
				CLANG_WARN_COMMA = YES;
				CLANG_WARN_CONSTANT_CONVERSION = YES;
				CLANG_WARN_DEPRECATED_OBJC_IMPLEMENTATIONS = YES;
				CLANG_WARN_DIRECT_OBJC_ISA_USAGE = YES_ERROR;
				CLANG_WARN_DOCUMENTATION_COMMENTS = YES;
				CLANG_WARN_EMPTY_BODY = YES;
				CLANG_WARN_ENUM_CONVERSION = YES;
				CLANG_WARN_INFINITE_RECURSION = YES;
				CLANG_WARN_INT_CONVERSION = YES;
				CLANG_WARN_NON_LITERAL_NULL_CONVERSION = YES;
				CLANG_WARN_OBJC_IMPLICIT_RETAIN_SELF = YES;
				CLANG_WARN_OBJC_LITERAL_CONVERSION = YES;
				CLANG_WARN_OBJC_ROOT_CLASS = YES_ERROR;
				CLANG_WARN_QUOTED_INCLUDE_IN_FRAMEWORK_HEADER = YES;
				CLANG_WARN_RANGE_LOOP_ANALYSIS = YES;
				CLANG_WARN_STRICT_PROTOTYPES = YES;
				CLANG_WARN_SUSPICIOUS_MOVE = YES;
				CLANG_WARN_UNGUARDED_AVAILABILITY = YES_AGGRESSIVE;
				CLANG_WARN_UNREACHABLE_CODE = YES;
				CLANG_WARN__DUPLICATE_METHOD_MATCH = YES;
				COPY_PHASE_STRIP = NO;
				DEBUG_INFORMATION_FORMAT = "dwarf-with-dsym";
				DEVELOPMENT_TEAM = 7KCHW8J8TA;
				ENABLE_NS_ASSERTIONS = NO;
				ENABLE_STRICT_OBJC_MSGSEND = YES;
				ENABLE_USER_SCRIPT_SANDBOXING = YES;
				GCC_C_LANGUAGE_STANDARD = gnu17;
				GCC_NO_COMMON_BLOCKS = YES;
				GCC_WARN_64_TO_32_BIT_CONVERSION = YES;
				GCC_WARN_ABOUT_RETURN_TYPE = YES_ERROR;
				GCC_WARN_UNDECLARED_SELECTOR = YES;
				GCC_WARN_UNINITIALIZED_AUTOS = YES_AGGRESSIVE;
				GCC_WARN_UNUSED_FUNCTION = YES;
				GCC_WARN_UNUSED_VARIABLE = YES;
				IPHONEOS_DEPLOYMENT_TARGET = 18.5;
				LOCALIZATION_PREFERS_STRING_CATALOGS = YES;
				MTL_ENABLE_DEBUG_INFO = NO;
				MTL_FAST_MATH = YES;
				SDKROOT = iphoneos;
				STRING_CATALOG_GENERATE_SYMBOLS = YES;
				SWIFT_COMPILATION_MODE = wholemodule;
				VALIDATE_PRODUCT = YES;
			};
			name = Release;
		};
		E6BF7EFE2F17C49200559007 /* Debug */ = {
			isa = XCBuildConfiguration;
			buildSettings = {
				ASSETCATALOG_COMPILER_APPICON_NAME = AppIcon;
				ASSETCATALOG_COMPILER_GLOBAL_ACCENT_COLOR_NAME = AccentColor;
				CODE_SIGN_STYLE = Automatic;
				CURRENT_PROJECT_VERSION = 1;
				ENABLE_PREVIEWS = YES;
				GENERATE_INFOPLIST_FILE = YES;
				INFOPLIST_FILE = SpeakItNOW/Info.plist;
				INFOPLIST_KEY_LSApplicationCategoryType = "";
				INFOPLIST_KEY_NSMicrophoneUsageDescription = "英語の発音を録音するためにマイクを使用します。";
				INFOPLIST_KEY_NSSpeechRecognitionUsageDescription = "音声で話した英語をテキスト化し、発話内容を確認できるようにするために音声認識を使用します。";
				INFOPLIST_KEY_UIApplicationSceneManifest_Generation = YES;
				INFOPLIST_KEY_UIApplicationSupportsIndirectInputEvents = YES;
				INFOPLIST_KEY_UILaunchScreen_Generation = YES;
				INFOPLIST_KEY_UISupportedInterfaceOrientations_iPad = "UIInterfaceOrientationPortrait UIInterfaceOrientationPortraitUpsideDown UIInterfaceOrientationLandscapeLeft UIInterfaceOrientationLandscapeRight";
				INFOPLIST_KEY_UISupportedInterfaceOrientations_iPhone = "UIInterfaceOrientationPortrait UIInterfaceOrientationLandscapeLeft UIInterfaceOrientationLandscapeRight";
				LD_RUNPATH_SEARCH_PATHS = (
					"$(inherited)",
					"@executable_path/Frameworks",
				);
				MARKETING_VERSION = 1.0;
				PRODUCT_BUNDLE_IDENTIFIER = com.naoto.sukena.speakitnow;
				PRODUCT_NAME = "$(TARGET_NAME)";
				SWIFT_EMIT_LOC_STRINGS = YES;
				SWIFT_VERSION = 5.0;
				TARGETED_DEVICE_FAMILY = "1,2";
			};
			name = Debug;
		};
		E6BF7EFF2F17C49200559007 /* Release */ = {
			isa = XCBuildConfiguration;
			buildSettings = {
				ASSETCATALOG_COMPILER_APPICON_NAME = AppIcon;
				ASSETCATALOG_COMPILER_GLOBAL_ACCENT_COLOR_NAME = AccentColor;
				CODE_SIGN_STYLE = Automatic;
				CURRENT_PROJECT_VERSION = 1;
				ENABLE_PREVIEWS = YES;
				GENERATE_INFOPLIST_FILE = YES;
				INFOPLIST_FILE = SpeakItNOW/Info.plist;
				INFOPLIST_KEY_LSApplicationCategoryType = "";
				INFOPLIST_KEY_NSMicrophoneUsageDescription = "英語の発音を録音するためにマイクを使用します。";
				INFOPLIST_KEY_NSSpeechRecognitionUsageDescription = "音声で話した英語をテキスト化し、発話内容を確認できるようにするために音声認識を使用します。";
				INFOPLIST_KEY_UIApplicationSceneManifest_Generation = YES;
				INFOPLIST_KEY_UIApplicationSupportsIndirectInputEvents = YES;
				INFOPLIST_KEY_UILaunchScreen_Generation = YES;
				INFOPLIST_KEY_UISupportedInterfaceOrientations_iPad = "UIInterfaceOrientationPortrait UIInterfaceOrientationPortraitUpsideDown UIInterfaceOrientationLandscapeLeft UIInterfaceOrientationLandscapeRight";
				INFOPLIST_KEY_UISupportedInterfaceOrientations_iPhone = "UIInterfaceOrientationPortrait UIInterfaceOrientationLandscapeLeft UIInterfaceOrientationLandscapeRight";
				LD_RUNPATH_SEARCH_PATHS = (
					"$(inherited)",
					"@executable_path/Frameworks",
				);
				MARKETING_VERSION = 1.0;
				PRODUCT_BUNDLE_IDENTIFIER = com.naoto.sukena.speakitnow;
				PRODUCT_NAME = "$(TARGET_NAME)";
				SWIFT_EMIT_LOC_STRINGS = YES;
				SWIFT_VERSION = 5.0;
				TARGETED_DEVICE_FAMILY = "1,2";
			};
			name = Release;
		};
/* End XCBuildConfiguration section */

/* Begin XCConfigurationList section */
		E6BF7EED2F17C49000559007 /* Build configuration list for PBXProject "SpeakItNOW" */ = {
			isa = XCConfigurationList;
			buildConfigurations = (
				E6BF7EFB2F17C49200559007 /* Debug */,
				E6BF7EFC2F17C49200559007 /* Release */,
			);
			defaultConfigurationIsVisible = 0;
			defaultConfigurationName = Release;
		};
		E6BF7EFD2F17C49200559007 /* Build configuration list for PBXNativeTarget "SpeakItNOW" */ = {
			isa = XCConfigurationList;
			buildConfigurations = (
				E6BF7EFE2F17C49200559007 /* Debug */,
				E6BF7EFF2F17C49200559007 /* Release */,
			);
			defaultConfigurationIsVisible = 0;
			defaultConfigurationName = Release;
		};
/* End XCConfigurationList section */

/* Begin XCRemoteSwiftPackageReference section */
		E6B906632F7564FF005C961B /* XCRemoteSwiftPackageReference "supabase-swift" */ = {
			isa = XCRemoteSwiftPackageReference;
			repositoryURL = "https://github.com/supabase/supabase-swift";
			requirement = {
				kind = upToNextMajorVersion;
				minimumVersion = 2.5.1;
			};
		};
/* End XCRemoteSwiftPackageReference section */

/* Begin XCSwiftPackageProductDependency section */
		E6B906642F7564FF005C961B /* Auth */ = {
			isa = XCSwiftPackageProductDependency;
			package = E6B906632F7564FF005C961B /* XCRemoteSwiftPackageReference "supabase-swift" */;
			productName = Auth;
		};
		E6B906662F7564FF005C961B /* Functions */ = {
			isa = XCSwiftPackageProductDependency;
			package = E6B906632F7564FF005C961B /* XCRemoteSwiftPackageReference "supabase-swift" */;
			productName = Functions;
		};
		E6B906682F7564FF005C961B /* PostgREST */ = {
			isa = XCSwiftPackageProductDependency;
			package = E6B906632F7564FF005C961B /* XCRemoteSwiftPackageReference "supabase-swift" */;
			productName = PostgREST;
		};
		E6B9066A2F7564FF005C961B /* Storage */ = {
			isa = XCSwiftPackageProductDependency;
			package = E6B906632F7564FF005C961B /* XCRemoteSwiftPackageReference "supabase-swift" */;
			productName = Storage;
		};
		E6B9066C2F7564FF005C961B /* Supabase */ = {
			isa = XCSwiftPackageProductDependency;
			package = E6B906632F7564FF005C961B /* XCRemoteSwiftPackageReference "supabase-swift" */;
			productName = Supabase;
		};
/* End XCSwiftPackageProductDependency section */
	};
	rootObject = E6BF7EEA2F17C49000559007 /* Project object */;
}
